{
    "_readme": [
        "This file locks the dependencies of your project to a known state",
        "Read more about it at https://getcomposer.org/doc/01-basic-usage.md#installing-dependencies",
        "This file is @generated automatically"
    ],
    "content-hash": "777ba339f401d0563b09057796f6742e",
    "packages": [
        {
            "name": "php-curl-class/php-curl-class",
            "version": "8.6.2",
            "source": {
                "type": "git",
                "url": "https://github.com/php-curl-class/php-curl-class.git",
                "reference": "54be433a7299c15b024ba808e10a96c5d5791d99"
            },
            "dist": {
                "type": "zip",
                "url": "https://api.github.com/repos/php-curl-class/php-curl-class/zipball/54be433a7299c15b024ba808e10a96c5d5791d99",
                "reference": "54be433a7299c15b024ba808e10a96c5d5791d99",
                "shasum": ""
            },
            "require": {
                "ext-curl": "*",
                "php": ">=5.3"
            },
            "require-dev": {
                "ext-gd": "*",
                "phpunit/phpunit": "*",
                "squizlabs/php_codesniffer": "*"
            },
            "suggest": {
                "ext-mbstring": "*"
            },
            "type": "library",
            "autoload": {
                "psr-4": {
                    "Curl\\": "src/Curl/"
                }
            },
            "notification-url": "https://packagist.org/downloads/",
            "license": [
                "Unlicense"
            ],
            "authors": [
                {
                    "name": "Zach Borboa"
                }
            ],
            "description": "PHP Curl Class makes it easy to send HTTP requests and integrate with web APIs.",
            "homepage": "https://github.com/php-curl-class/php-curl-class",
            "keywords": [
                "API-Client",
                "api",
                "class",
                "client",
                "curl",
                "framework",
                "http",
                "http-client",
                "http-proxy",
                "json",
                "php",
                "php-curl",
                "php-curl-library",
                "proxy",
                "requests",
                "restful",
                "web-scraper",
                "web-scraping ",
                "web-service",
                "xml"
            ],
            "time": "2019-11-17T08:37:31+00:00"
        },
        {
            "name": "vkcom/vk-php-sdk",
            "version": "5.101.0",
            "source": {
                "type": "git",
                "url": "https://github.com/VKCOM/vk-php-sdk.git",
                "reference": "46a8f76503050c0c6730359fc234a4d6448b8653"
            },
            "dist": {
                "type": "zip",
                "url": "https://api.github.com/repos/VKCOM/vk-php-sdk/zipball/46a8f76503050c0c6730359fc234a4d6448b8653",
                "reference": "46a8f76503050c0c6730359fc234a4d6448b8653",
                "shasum": ""
            },
            "require": {
                "php": ">=7.1"
            },
            "require-dev": {
                "phpunit/phpunit": "^6",
                "vkcom/vk-api-schema": "^5.80.1"
            },
            "type": "library",
            "autoload": {
                "psr-4": {
                    "VK\\": "src/VK"
                }
            },
            "notification-url": "https://packagist.org/downloads/",
            "license": [
                "MIT"
            ],
            "description": "VK PHP SDK",
            "homepage": "https://github.com/VKCOM/vk-php-sdk",
            "keywords": [
                "sdk",
                "vk"
            ],
            "time": "2019-08-16T12:13:20+00:00"
        }
    ],
    "packages-dev": [],
    "aliases": [],
    "minimum-stability": "stable",
    "stability-flags": [],
    "prefer-stable": false,
    "prefer-lowest": false,
    "platform": [],
    "platform-dev": []
}
